
Microsoft Visual Studio Solution File, Format Version 12.00
# Visual Studio Version 16
VisualStudioVersion = 16.0.30128.74
MinimumVisualStudioVersion = 10.0.40219.1
Project("{FAE04EC0-301F-11D3-BF4B-00C04F79EFBC}") = "Movie_Origination_System", "Movie_Origination_System\Movie_Origination_System.csproj", "{90C8B1E5-ED98-4A6C-993E-AC7F618B1C30}"
EndProject
Global
	GlobalSection(SolutionConfigurationPlatforms) = preSolution
		Debug|Any CPU = Debug|Any CPU
		Release|Any CPU = Release|Any CPU
	EndGlobalSection
	GlobalSection(ProjectConfigurationPlatforms) = postSolution
		{90C8B1E5-ED98-4A6C-993E-AC7F618B1C30}.Debug|Any CPU.ActiveCfg = Debug|Any CPU
		{90C8B1E5-ED98-4A6C-993E-AC7F618B1C30}.Debug|Any CPU.Build.0 = Debug|Any CPU
		{90C8B1E5-ED98-4A6C-993E-AC7F618B1C30}.Release|Any CPU.ActiveCfg = Release|Any CPU
		{90C8B1E5-ED98-4A6C-993E-AC7F618B1C30}.Release|Any CPU.Build.0 = Release|Any CPU
	EndGlobalSection
	GlobalSection(SolutionProperties) = preSolution
		HideSolutionNode = FALSE
	EndGlobalSection
	GlobalSection(ExtensibilityGlobals) = postSolution
		SolutionGuid = {46CF369F-2A7E-4297-B308-199C086F0194}
	EndGlobalSection
EndGlobal
